
Microsoft Visual Studio Solution File, Format Version 12.00
# Visual Studio Version 17
VisualStudioVersion = 17.14.36705.20
MinimumVisualStudioVersion = 10.0.40219.1
Project("{FAE04EC0-301F-11D3-BF4B-00C04F79EFBC}") = "NanoPackets", "NanoPackets\NanoPackets.csproj", "{04094851-9FDB-4DD4-896F-2F9148F333AF}"
EndProject
Project("{FAE04EC0-301F-11D3-BF4B-00C04F79EFBC}") = "NanoPackets.Generator", "NanoPackets.Generator\NanoPackets.Generator.csproj", "{153E1B5F-753F-4C7B-BF8C-EBB0860FFAAE}"
EndProject
Project("{FAE04EC0-301F-11D3-BF4B-00C04F79EFBC}") = "NanoPackets.Godot", "NanoPackets.Godot\NanoPackets.Godot.csproj", "{05BFA317-520A-4D63-9D04-004CAF6365A1}"
EndProject
Project("{FAE04EC0-301F-11D3-BF4B-00C04F79EFBC}") = "NanoPackets.Common", "NanoPackets.Common\NanoPackets.Common.csproj", "{C7764B28-9D17-431F-BC5C-1904DAEF9E32}"
EndProject
Project("{FAE04EC0-301F-11D3-BF4B-00C04F79EFBC}") = "NanoPackets.Example", "NanoPackets.Example\NanoPackets.Example.csproj", "{274A3C19-0E02-4156-A437-7A20E4BA2566}"
EndProject
Global
	GlobalSection(SolutionConfigurationPlatforms) = preSolution
		Debug|Any CPU = Debug|Any CPU
		Release|Any CPU = Release|Any CPU
	EndGlobalSection
	GlobalSection(ProjectConfigurationPlatforms) = postSolution
		{04094851-9FDB-4DD4-896F-2F9148F333AF}.Debug|Any CPU.ActiveCfg = Debug|Any CPU
		{04094851-9FDB-4DD4-896F-2F9148F333AF}.Debug|Any CPU.Build.0 = Debug|Any CPU
		{04094851-9FDB-4DD4-896F-2F9148F333AF}.Release|Any CPU.ActiveCfg = Release|Any CPU
		{04094851-9FDB-4DD4-896F-2F9148F333AF}.Release|Any CPU.Build.0 = Release|Any CPU
		{153E1B5F-753F-4C7B-BF8C-EBB0860FFAAE}.Debug|Any CPU.ActiveCfg = Debug|Any CPU
		{153E1B5F-753F-4C7B-BF8C-EBB0860FFAAE}.Debug|Any CPU.Build.0 = Debug|Any CPU
		{153E1B5F-753F-4C7B-BF8C-EBB0860FFAAE}.Release|Any CPU.ActiveCfg = Release|Any CPU
		{153E1B5F-753F-4C7B-BF8C-EBB0860FFAAE}.Release|Any CPU.Build.0 = Release|Any CPU
		{05BFA317-520A-4D63-9D04-004CAF6365A1}.Debug|Any CPU.ActiveCfg = Debug|Any CPU
		{05BFA317-520A-4D63-9D04-004CAF6365A1}.Debug|Any CPU.Build.0 = Debug|Any CPU
		{05BFA317-520A-4D63-9D04-004CAF6365A1}.Release|Any CPU.ActiveCfg = Release|Any CPU
		{05BFA317-520A-4D63-9D04-004CAF6365A1}.Release|Any CPU.Build.0 = Release|Any CPU
		{C7764B28-9D17-431F-BC5C-1904DAEF9E32}.Debug|Any CPU.ActiveCfg = Debug|Any CPU
		{C7764B28-9D17-431F-BC5C-1904DAEF9E32}.Debug|Any CPU.Build.0 = Debug|Any CPU
		{C7764B28-9D17-431F-BC5C-1904DAEF9E32}.Release|Any CPU.ActiveCfg = Release|Any CPU
		{C7764B28-9D17-431F-BC5C-1904DAEF9E32}.Release|Any CPU.Build.0 = Release|Any CPU
		{274A3C19-0E02-4156-A437-7A20E4BA2566}.Debug|Any CPU.ActiveCfg = Debug|Any CPU
		{274A3C19-0E02-4156-A437-7A20E4BA2566}.Debug|Any CPU.Build.0 = Debug|Any CPU
		{274A3C19-0E02-4156-A437-7A20E4BA2566}.Release|Any CPU.ActiveCfg = Release|Any CPU
		{274A3C19-0E02-4156-A437-7A20E4BA2566}.Release|Any CPU.Build.0 = Release|Any CPU
	EndGlobalSection
	GlobalSection(SolutionProperties) = preSolution
		HideSolutionNode = FALSE
	EndGlobalSection
	GlobalSection(ExtensibilityGlobals) = postSolution
		SolutionGuid = {010AAA53-5BEA-46CD-BB73-4F70A352DACE}
	EndGlobalSection
EndGlobal
